{
    "_readme": [
        "This file locks the dependencies of your project to a known state",
        "Read more about it at http://getcomposer.org/doc/01-basic-usage.md#composer-lock-the-lock-file",
        "This file is @generated automatically"
    ],
    "hash": "c83b5027499a6a721682c78845d9fe0a",
    "packages": [
        {
            "name": "kdyby/curl",
            "version": "v2.2.0",
            "source": {
                "type": "git",
                "url": "https://github.com/Kdyby/Curl.git",
                "reference": "ef36fcca46bc7617ffe89c55a85c9acbc02c25ec"
            },
            "dist": {
                "type": "zip",
                "url": "https://api.github.com/repos/Kdyby/Curl/zipball/ef36fcca46bc7617ffe89c55a85c9acbc02c25ec",
                "reference": "ef36fcca46bc7617ffe89c55a85c9acbc02c25ec",
                "shasum": ""
            },
            "require": {
                "ext-curl": "*",
                "nette/http": "~2.2@dev",
                "nette/utils": "~2.2@dev"
            },
            "require-dev": {
                "jakub-onderka/php-parallel-lint": "~0.6",
                "latte/latte": "~2.2@dev",
                "nette/application": "~2.2@dev",
                "nette/bootstrap": "~2.2@dev",
                "nette/caching": "~2.2@dev",
                "nette/component-model": "~2.2@dev",
                "nette/database": "~2.2@dev",
                "nette/di": "~2.2@dev",
                "nette/finder": "~2.2@dev",
                "nette/forms": "~2.2@dev",
                "nette/mail": "~2.2@dev",
                "nette/neon": "~2.2@dev",
                "nette/nette": "~2.2@dev",
                "nette/php-generator": "~2.2@dev",
                "nette/reflection": "~2.2@dev",
                "nette/robot-loader": "~2.2@dev",
                "nette/safe-stream": "~2.2@dev",
                "nette/security": "~2.2@dev",
                "nette/tester": "@dev",
                "nette/tokenizer": "~2.2@dev",
                "tracy/tracy": "~2.2@dev"
            },
            "type": "library",
            "extra": {
                "branch-alias": {
                    "dev-master": "2.2-dev"
                }
            },
            "autoload": {
                "psr-0": {
                    "Kdyby\\Curl": "src/"
                },
                "classmap": [
                    "src/Kdyby/Curl/exceptions.php"
                ]
            },
            "notification-url": "https://packagist.org/downloads/",
            "license": [
                "BSD-3-Clause",
                "GPL-2.0",
                "GPL-3.0"
            ],
            "authors": [
                {
                    "name": "Filip Procházka",
                    "email": "filip@prochazka.su",
                    "homepage": "http://filip-prochazka.com"
                }
            ],
            "description": "Curl wrapper for Nette Framework",
            "homepage": "http://kdyby.org",
            "keywords": [
                "curl",
                "http",
                "nette"
            ],
            "time": "2014-07-26 16:52:43"
        },
        {
            "name": "kdyby/curl-ca-bundle",
            "version": "v1.0.5",
            "source": {
                "type": "git",
                "url": "https://github.com/Kdyby/CurlCaBundle.git",
                "reference": "053c27b45f79e44b29f9374dd7bb1679d0cecd7e"
            },
            "dist": {
                "type": "zip",
                "url": "https://api.github.com/repos/Kdyby/CurlCaBundle/zipball/053c27b45f79e44b29f9374dd7bb1679d0cecd7e",
                "reference": "053c27b45f79e44b29f9374dd7bb1679d0cecd7e",
                "shasum": ""
            },
            "require": {
                "ext-curl": "*"
            },
            "require-dev": {
                "jakub-onderka/php-parallel-lint": "~0.6"
            },
            "type": "library",
            "autoload": {
                "classmap": [
                    "src/"
                ]
            },
            "notification-url": "https://packagist.org/downloads/",
            "license": [
                "BSD-3-Clause",
                "GPL-2.0",
                "GPL-3.0"
            ],
            "authors": [
                {
                    "name": "Filip Procházka",
                    "email": "filip@prochazka.su",
                    "homepage": "http://filip-prochazka.com"
                }
            ],
            "description": "This package provides root certificates for usage in api clients on systems that have missing or outdated certificates.",
            "homepage": "http://kdyby.org",
            "keywords": [
                "bundle",
                "ca",
                "certificate",
                "curl",
                "https",
                "ssl"
            ],
            "time": "2014-08-27 23:00:12"
        },
        {
            "name": "nette/http",
            "version": "v2.2.1",
            "source": {
                "type": "git",
                "url": "https://github.com/nette/http.git",
                "reference": "81b8dcfcd623a94a53f826b9e6dc97c56d238125"
            },
            "dist": {
                "type": "zip",
                "url": "https://api.github.com/repos/nette/http/zipball/81b8dcfcd623a94a53f826b9e6dc97c56d238125",
                "reference": "81b8dcfcd623a94a53f826b9e6dc97c56d238125",
                "shasum": ""
            },
            "require": {
                "nette/utils": "~2.2",
                "php": ">=5.3.1"
            },
            "conflict": {
                "nette/nette": "<2.2"
            },
            "require-dev": {
                "nette/tester": "~1.0"
            },
            "suggest": {
                "ext-fileinfo": "to detect type of uploaded files"
            },
            "type": "library",
            "autoload": {
                "classmap": [
                    "src/"
                ]
            },
            "notification-url": "https://packagist.org/downloads/",
            "license": [
                "BSD-3-Clause",
                "GPL-2.0",
                "GPL-3.0"
            ],
            "authors": [
                {
                    "name": "David Grudl",
                    "homepage": "http://davidgrudl.com"
                },
                {
                    "name": "Nette Community",
                    "homepage": "http://nette.org/contributors"
                }
            ],
            "description": "Nette HTTP Component",
            "homepage": "http://nette.org",
            "time": "2014-08-24 12:26:46"
        },
        {
            "name": "nette/utils",
            "version": "v2.2.2",
            "source": {
                "type": "git",
                "url": "https://github.com/nette/utils.git",
                "reference": "9166030811103af7101630bddc0bb1b91a7e36f7"
            },
            "dist": {
                "type": "zip",
                "url": "https://api.github.com/repos/nette/utils/zipball/9166030811103af7101630bddc0bb1b91a7e36f7",
                "reference": "9166030811103af7101630bddc0bb1b91a7e36f7",
                "shasum": ""
            },
            "require": {
                "php": ">=5.3.1"
            },
            "conflict": {
                "nette/nette": "<2.2"
            },
            "require-dev": {
                "nette/tester": "~1.0"
            },
            "suggest": {
                "ext-gd": "to use Image",
                "ext-iconv": "to use Strings::webalize() and toAscii()",
                "ext-mbstring": "to use Strings::lower() etc..."
            },
            "type": "library",
            "autoload": {
                "classmap": [
                    "src/"
                ]
            },
            "notification-url": "https://packagist.org/downloads/",
            "license": [
                "BSD-3-Clause",
                "GPL-2.0",
                "GPL-3.0"
            ],
            "authors": [
                {
                    "name": "David Grudl",
                    "homepage": "http://davidgrudl.com"
                },
                {
                    "name": "Nette Community",
                    "homepage": "http://nette.org/contributors"
                }
            ],
            "description": "Nette Utility Classes",
            "homepage": "http://nette.org",
            "time": "2014-08-24 23:29:12"
        }
    ],
    "packages-dev": [

    ],
    "aliases": [

    ],
    "minimum-stability": "stable",
    "stability-flags": [

    ],
    "prefer-stable": false,
    "platform": [

    ],
    "platform-dev": [

    ]
}
